
Microsoft Visual Studio Solution File, Format Version 12.00
# Visual Studio Version 17
VisualStudioVersion = 17.0.31903.59
MinimumVisualStudioVersion = 10.0.40219.1
Project("{E24C65DC-7377-472B-9ABA-BC803B73C61A}") = "paginaHotel", "..\Week5\paginaHotel\", "{4B667455-7930-4B42-8EB0-AC1BBF552854}"
	ProjectSection(WebsiteProperties) = preProject
		TargetFrameworkMoniker = ".NETFramework,Version%3Dv4.5"
		Debug.AspNetCompiler.VirtualPath = "/localhost_60334"
		Debug.AspNetCompiler.PhysicalPath = "..\Week5\paginaHotel\"
		Debug.AspNetCompiler.TargetPath = "PrecompiledWeb\localhost_60334\"
		Debug.AspNetCompiler.Updateable = "true"
		Debug.AspNetCompiler.ForceOverwrite = "true"
		Debug.AspNetCompiler.FixedNames = "false"
		Debug.AspNetCompiler.Debug = "True"
		Release.AspNetCompiler.VirtualPath = "/localhost_60334"
		Release.AspNetCompiler.PhysicalPath = "..\Week5\paginaHotel\"
		Release.AspNetCompiler.TargetPath = "PrecompiledWeb\localhost_60334\"
		Release.AspNetCompiler.Updateable = "true"
		Release.AspNetCompiler.ForceOverwrite = "true"
		Release.AspNetCompiler.FixedNames = "false"
		Release.AspNetCompiler.Debug = "False"
		VWDPort = "60334"
	EndProjectSection
EndProject
Global
	GlobalSection(SolutionConfigurationPlatforms) = preSolution
		Debug|Any CPU = Debug|Any CPU
	EndGlobalSection
	GlobalSection(ProjectConfigurationPlatforms) = postSolution
		{4B667455-7930-4B42-8EB0-AC1BBF552854}.Debug|Any CPU.ActiveCfg = Debug|Any CPU
		{4B667455-7930-4B42-8EB0-AC1BBF552854}.Debug|Any CPU.Build.0 = Debug|Any CPU
	EndGlobalSection
	GlobalSection(SolutionProperties) = preSolution
		HideSolutionNode = FALSE
	EndGlobalSection
	GlobalSection(ExtensibilityGlobals) = postSolution
		SolutionGuid = {6A0C156B-CAED-4F7B-B20B-84A547BAD4EC}
	EndGlobalSection
EndGlobal
